
Microsoft Visual Studio Solution File, Format Version 12.00
# Visual Studio Version 17
VisualStudioVersion = 17.14.36109.1
MinimumVisualStudioVersion = 10.0.40219.1
Project("{FAE04EC0-301F-11D3-BF4B-00C04F79EFBC}") = "Microsoft Auth", "Microsoft Auth\Microsoft Auth.csproj", "{CA2412D9-B5E0-4360-B528-463617510F6D}"
EndProject
Global
	GlobalSection(SolutionConfigurationPlatforms) = preSolution
		Debug|Any CPU = Debug|Any CPU
		Release|Any CPU = Release|Any CPU
	EndGlobalSection
	GlobalSection(ProjectConfigurationPlatforms) = postSolution
		{CA2412D9-B5E0-4360-B528-463617510F6D}.Debug|Any CPU.ActiveCfg = Debug|Any CPU
		{CA2412D9-B5E0-4360-B528-463617510F6D}.Debug|Any CPU.Build.0 = Debug|Any CPU
		{CA2412D9-B5E0-4360-B528-463617510F6D}.Release|Any CPU.ActiveCfg = Release|Any CPU
		{CA2412D9-B5E0-4360-B528-463617510F6D}.Release|Any CPU.Build.0 = Release|Any CPU
	EndGlobalSection
	GlobalSection(SolutionProperties) = preSolution
		HideSolutionNode = FALSE
	EndGlobalSection
	GlobalSection(ExtensibilityGlobals) = postSolution
		SolutionGuid = {1721B02E-4ED8-44AC-91C7-DB2A01B876D0}
	EndGlobalSection
EndGlobal
